
Microsoft Visual Studio Solution File, Format Version 12.00
Project("{FAE04EC0-301F-11D3-BF4B-00C04F79EFBC}") = "TwitterBook", "TwitterBook\TwitterBook.csproj", "{DE0F1583-27E3-4072-86E0-32F2FF655F54}"
EndProject
Project("{FAE04EC0-301F-11D3-BF4B-00C04F79EFBC}") = "TwitterBook.IntegrationTests", "TwitterBook.IntegrationTests\TwitterBook.IntegrationTests.csproj", "{D6452FCF-49F4-4A27-8C42-109CCD55F206}"
EndProject
Global
	GlobalSection(SolutionConfigurationPlatforms) = preSolution
		Debug|Any CPU = Debug|Any CPU
		Release|Any CPU = Release|Any CPU
	EndGlobalSection
	GlobalSection(ProjectConfigurationPlatforms) = postSolution
		{DE0F1583-27E3-4072-86E0-32F2FF655F54}.Debug|Any CPU.ActiveCfg = Debug|Any CPU
		{DE0F1583-27E3-4072-86E0-32F2FF655F54}.Debug|Any CPU.Build.0 = Debug|Any CPU
		{DE0F1583-27E3-4072-86E0-32F2FF655F54}.Release|Any CPU.ActiveCfg = Release|Any CPU
		{DE0F1583-27E3-4072-86E0-32F2FF655F54}.Release|Any CPU.Build.0 = Release|Any CPU
		{D6452FCF-49F4-4A27-8C42-109CCD55F206}.Debug|Any CPU.ActiveCfg = Debug|Any CPU
		{D6452FCF-49F4-4A27-8C42-109CCD55F206}.Debug|Any CPU.Build.0 = Debug|Any CPU
		{D6452FCF-49F4-4A27-8C42-109CCD55F206}.Release|Any CPU.ActiveCfg = Release|Any CPU
		{D6452FCF-49F4-4A27-8C42-109CCD55F206}.Release|Any CPU.Build.0 = Release|Any CPU
	EndGlobalSection
EndGlobal
